
Microsoft Visual Studio Solution File, Format Version 12.00
# Visual Studio Version 17
VisualStudioVersion = 17.4.33205.214
MinimumVisualStudioVersion = 10.0.40219.1
Project("{FAE04EC0-301F-11D3-BF4B-00C04F79EFBC}") = "DBWebForm", "DBWebForm.csproj", "{C1202D33-5755-4CC8-A32F-36BCBAB2A7C1}"
EndProject
Global
	GlobalSection(SolutionConfigurationPlatforms) = preSolution
		Debug|Any CPU = Debug|Any CPU
		Release|Any CPU = Release|Any CPU
	EndGlobalSection
	GlobalSection(ProjectConfigurationPlatforms) = postSolution
		{C1202D33-5755-4CC8-A32F-36BCBAB2A7C1}.Debug|Any CPU.ActiveCfg = Debug|Any CPU
		{C1202D33-5755-4CC8-A32F-36BCBAB2A7C1}.Debug|Any CPU.Build.0 = Debug|Any CPU
		{C1202D33-5755-4CC8-A32F-36BCBAB2A7C1}.Release|Any CPU.ActiveCfg = Release|Any CPU
		{C1202D33-5755-4CC8-A32F-36BCBAB2A7C1}.Release|Any CPU.Build.0 = Release|Any CPU
	EndGlobalSection
	GlobalSection(SolutionProperties) = preSolution
		HideSolutionNode = FALSE
	EndGlobalSection
	GlobalSection(ExtensibilityGlobals) = postSolution
		SolutionGuid = {FBA543A7-CC37-4AA5-A5A5-F8D5B3AFCF26}
	EndGlobalSection
EndGlobal
